
Microsoft Visual Studio Solution File, Format Version 12.00
# Visual Studio Version 16
VisualStudioVersion = 16.0.29728.190
MinimumVisualStudioVersion = 10.0.40219.1
Project("{FAE04EC0-301F-11D3-BF4B-00C04F79EFBC}") = "EmailTest7", "EmailTest7\EmailTest7.csproj", "{24D2BF1F-54DA-43CD-8CC5-756FED50BFD3}"
EndProject
Global
	GlobalSection(SolutionConfigurationPlatforms) = preSolution
		Debug|Any CPU = Debug|Any CPU
		Release|Any CPU = Release|Any CPU
	EndGlobalSection
	GlobalSection(ProjectConfigurationPlatforms) = postSolution
		{24D2BF1F-54DA-43CD-8CC5-756FED50BFD3}.Debug|Any CPU.ActiveCfg = Debug|Any CPU
		{24D2BF1F-54DA-43CD-8CC5-756FED50BFD3}.Debug|Any CPU.Build.0 = Debug|Any CPU
		{24D2BF1F-54DA-43CD-8CC5-756FED50BFD3}.Release|Any CPU.ActiveCfg = Release|Any CPU
		{24D2BF1F-54DA-43CD-8CC5-756FED50BFD3}.Release|Any CPU.Build.0 = Release|Any CPU
	EndGlobalSection
	GlobalSection(SolutionProperties) = preSolution
		HideSolutionNode = FALSE
	EndGlobalSection
	GlobalSection(ExtensibilityGlobals) = postSolution
		SolutionGuid = {B96125EC-B9BF-4456-A19F-E0551BD927BA}
	EndGlobalSection
EndGlobal
